
Microsoft Visual Studio Solution File, Format Version 12.00
# Visual Studio Version 17
VisualStudioVersion = 17.13.35825.156 d17.13
MinimumVisualStudioVersion = 10.0.40219.1
Project("{FAE04EC0-301F-11D3-BF4B-00C04F79EFBC}") = "habilitations2024", "habilitations2024\habilitations2024.csproj", "{F9D3743E-08AD-49EC-94B7-FAECB26DA75D}"
EndProject
Global
	GlobalSection(SolutionConfigurationPlatforms) = preSolution
		Debug|Any CPU = Debug|Any CPU
		Release|Any CPU = Release|Any CPU
	EndGlobalSection
	GlobalSection(ProjectConfigurationPlatforms) = postSolution
		{F9D3743E-08AD-49EC-94B7-FAECB26DA75D}.Debug|Any CPU.ActiveCfg = Debug|Any CPU
		{F9D3743E-08AD-49EC-94B7-FAECB26DA75D}.Debug|Any CPU.Build.0 = Debug|Any CPU
		{F9D3743E-08AD-49EC-94B7-FAECB26DA75D}.Release|Any CPU.ActiveCfg = Release|Any CPU
		{F9D3743E-08AD-49EC-94B7-FAECB26DA75D}.Release|Any CPU.Build.0 = Release|Any CPU
	EndGlobalSection
	GlobalSection(SolutionProperties) = preSolution
		HideSolutionNode = FALSE
	EndGlobalSection
	GlobalSection(ExtensibilityGlobals) = postSolution
		SolutionGuid = {F17A4BB5-C584-4C47-935A-4A996440AF5A}
	EndGlobalSection
EndGlobal
